
Microsoft Visual Studio Solution File, Format Version 12.00
# Visual Studio Version 16
VisualStudioVersion = 25.0.1704.3
MinimumVisualStudioVersion = 10.0.40219.1
Project("{FAE04EC0-301F-11D3-BF4B-00C04F79EFBC}") = "HelloCSharp", "HelloCSharp.csproj", "{F5853B77-110C-4C1F-A060-B0EA96D32C83}"
EndProject
Global
	GlobalSection(SolutionConfigurationPlatforms) = preSolution
		Debug|Any CPU = Debug|Any CPU
		Release|Any CPU = Release|Any CPU
	EndGlobalSection
	GlobalSection(ProjectConfigurationPlatforms) = postSolution
		{F5853B77-110C-4C1F-A060-B0EA96D32C83}.Debug|Any CPU.ActiveCfg = Debug|Any CPU
		{F5853B77-110C-4C1F-A060-B0EA96D32C83}.Debug|Any CPU.Build.0 = Debug|Any CPU
		{F5853B77-110C-4C1F-A060-B0EA96D32C83}.Release|Any CPU.ActiveCfg = Release|Any CPU
		{F5853B77-110C-4C1F-A060-B0EA96D32C83}.Release|Any CPU.Build.0 = Release|Any CPU
	EndGlobalSection
	GlobalSection(SolutionProperties) = preSolution
		HideSolutionNode = FALSE
	EndGlobalSection
	GlobalSection(ExtensibilityGlobals) = postSolution
		SolutionGuid = {6A7A0F1B-5B73-4CA8-A218-38D5B9A9AF76}
	EndGlobalSection
EndGlobal
